// !$*UTF8*$!
{
	archiveVersion = 1;
	classes = {
	};
	objectVersion = 50;
	objects = {

/* Begin PBXBuildFile section */
		983CDA012241FACF00CB19F4 /* AppDelegate.swift in Sources */ = {isa = PBXBuildFile; fileRef = 983CDA002241FACF00CB19F4 /* AppDelegate.swift */; };
		983CDA032241FACF00CB19F4 /* ViewController.swift in Sources */ = {isa = PBXBuildFile; fileRef = 983CDA022241FACF00CB19F4 /* ViewController.swift */; };
		983CDA062241FACF00CB19F4 /* Main.storyboard in Resources */ = {isa = PBXBuildFile; fileRef = 983CDA042241FACF00CB19F4 /* Main.storyboard */; };
		983CDA082241FAD100CB19F4 /* Assets.xcassets in Resources */ = {isa = PBXBuildFile; fileRef = 983CDA072241FAD100CB19F4 /* Assets.xcassets */; };
		983CDA0B2241FAD100CB19F4 /* LaunchScreen.storyboard in Resources */ = {isa = PBXBuildFile; fileRef = 983CDA092241FAD100CB19F4 /* LaunchScreen.storyboard */; };
		983CDA132241FCE400CB19F4 /* AppCategoryCell.swift in Sources */ = {isa = PBXBuildFile; fileRef = 983CDA122241FCE400CB19F4 /* AppCategoryCell.swift */; };
		983CDA1522420D6100CB19F4 /* CategoriesCell.swift in Sources */ = {isa = PBXBuildFile; fileRef = 983CDA1422420D6100CB19F4 /* CategoriesCell.swift */; };
/* End PBXBuildFile section */

/* Begin PBXFileReference section */
		983CD9FD2241FACF00CB19F4 /* AppStoreExampleFinal.app */ = {isa = PBXFileReference; explicitFileType = wrapper.application; includeInIndex = 0; path = AppStoreExampleFinal.app; sourceTree = BUILT_PRODUCTS_DIR; };
		983CDA002241FACF00CB19F4 /* AppDelegate.swift */ = {isa = PBXFileReference; lastKnownFileType = sourcecode.swift; path = AppDelegate.swift; sourceTree = "<group>"; };
		983CDA022241FACF00CB19F4 /* ViewController.swift */ = {isa = PBXFileReference; lastKnownFileType = sourcecode.swift; path = ViewController.swift; sourceTree = "<group>"; };
		983CDA052241FACF00CB19F4 /* Base */ = {isa = PBXFileReference; lastKnownFileType = file.storyboard; name = Base; path = Base.lproj/Main.storyboard; sourceTree = "<group>"; };
		983CDA072241FAD100CB19F4 /* Assets.xcassets */ = {isa = PBXFileReference; lastKnownFileType = folder.assetcatalog; path = Assets.xcassets; sourceTree = "<group>"; };
		983CDA0A2241FAD100CB19F4 /* Base */ = {isa = PBXFileReference; lastKnownFileType = file.storyboard; name = Base; path = Base.lproj/LaunchScreen.storyboard; sourceTree = "<group>"; };
		983CDA0C2241FAD100CB19F4 /* Info.plist */ = {isa = PBXFileReference; lastKnownFileType = text.plist.xml; path = Info.plist; sourceTree = "<group>"; };
		983CDA122241FCE400CB19F4 /* AppCategoryCell.swift */ = {isa = PBXFileReference; lastKnownFileType = sourcecode.swift; path = AppCategoryCell.swift; sourceTree = "<group>"; };
		983CDA1422420D6100CB19F4 /* CategoriesCell.swift */ = {isa = PBXFileReference; lastKnownFileType = sourcecode.swift; path = CategoriesCell.swift; sourceTree = "<group>"; };
/* End PBXFileReference section */

/* Begin PBXFrameworksBuildPhase section */
		983CD9FA2241FACF00CB19F4 /* Frameworks */ = {
			isa = PBXFrameworksBuildPhase;
			buildActionMask = 2147483647;
			files = (
			);
			runOnlyForDeploymentPostprocessing = 0;
		};
/* End PBXFrameworksBuildPhase section */

/* Begin PBXGroup section */
		983CD9F42241FACF00CB19F4 = {
			isa = PBXGroup;
			children = (
				983CD9FF2241FACF00CB19F4 /* AppStoreExampleFinal */,
				983CD9FE2241FACF00CB19F4 /* Products */,
			);
			sourceTree = "<group>";
		};
		983CD9FE2241FACF00CB19F4 /* Products */ = {
			isa = PBXGroup;
			children = (
				983CD9FD2241FACF00CB19F4 /* AppStoreExampleFinal.app */,
			);
			name = Products;
			sourceTree = "<group>";
		};
		983CD9FF2241FACF00CB19F4 /* AppStoreExampleFinal */ = {
			isa = PBXGroup;
			children = (
				983CDA002241FACF00CB19F4 /* AppDelegate.swift */,
				983CDA022241FACF00CB19F4 /* ViewController.swift */,
				983CDA042241FACF00CB19F4 /* Main.storyboard */,
				983CDA122241FCE400CB19F4 /* AppCategoryCell.swift */,
				983CDA1422420D6100CB19F4 /* CategoriesCell.swift */,
				983CDA072241FAD100CB19F4 /* Assets.xcassets */,
				983CDA092241FAD100CB19F4 /* LaunchScreen.storyboard */,
				983CDA0C2241FAD100CB19F4 /* Info.plist */,
			);
			path = AppStoreExampleFinal;
			sourceTree = "<group>";
		};
/* End PBXGroup section */

/* Begin PBXNativeTarget section */
		983CD9FC2241FACF00CB19F4 /* AppStoreExampleFinal */ = {
			isa = PBXNativeTarget;
			buildConfigurationList = 983CDA0F2241FAD100CB19F4 /* Build configuration list for PBXNativeTarget "AppStoreExampleFinal" */;
			buildPhases = (
				983CD9F92241FACF00CB19F4 /* Sources */,
				983CD9FA2241FACF00CB19F4 /* Frameworks */,
				983CD9FB2241FACF00CB19F4 /* Resources */,
			);
			buildRules = (
			);
			dependencies = (
			);
			name = AppStoreExampleFinal;
			productName = AppStoreExampleFinal;
			productReference = 983CD9FD2241FACF00CB19F4 /* AppStoreExampleFinal.app */;
			productType = "com.apple.product-type.application";
		};
/* End PBXNativeTarget section */

/* Begin PBXProject section */
		983CD9F52241FACF00CB19F4 /* Project object */ = {
			isa = PBXProject;
			attributes = {
				LastSwiftUpdateCheck = 1010;
				LastUpgradeCheck = 1010;
				ORGANIZATIONNAME = baejiho;
				TargetAttributes = {
					983CD9FC2241FACF00CB19F4 = {
						CreatedOnToolsVersion = 10.1;
					};
				};
			};
			buildConfigurationList = 983CD9F82241FACF00CB19F4 /* Build configuration list for PBXProject "AppStoreExampleFinal" */;
			compatibilityVersion = "Xcode 9.3";
			developmentRegion = en;
			hasScannedForEncodings = 0;
			knownRegions = (
				en,
				Base,
			);
			mainGroup = 983CD9F42241FACF00CB19F4;
			productRefGroup = 983CD9FE2241FACF00CB19F4 /* Products */;
			projectDirPath = "";
			projectRoot = "";
			targets = (
				983CD9FC2241FACF00CB19F4 /* AppStoreExampleFinal */,
			);
		};
/* End PBXProject section */

/* Begin PBXResourcesBuildPhase section */
		983CD9FB2241FACF00CB19F4 /* Resources */ = {
			isa = PBXResourcesBuildPhase;
			buildActionMask = 2147483647;
			files = (
				983CDA0B2241FAD100CB19F4 /* LaunchScreen.storyboard in Resources */,
				983CDA082241FAD100CB19F4 /* Assets.xcassets in Resources */,
				983CDA062241FACF00CB19F4 /* Main.storyboard in Resources */,
			);
			runOnlyForDeploymentPostprocessing = 0;
		};
/* End PBXResourcesBuildPhase section */

/* Begin PBXSourcesBuildPhase section */
		983CD9F92241FACF00CB19F4 /* Sources */ = {
			isa = PBXSourcesBuildPhase;
			buildActionMask = 2147483647;
			files = (
				983CDA032241FACF00CB19F4 /* ViewController.swift in Sources */,
				983CDA1522420D6100CB19F4 /* CategoriesCell.swift in Sources */,
				983CDA132241FCE400CB19F4 /* AppCategoryCell.swift in Sources */,
				983CDA012241FACF00CB19F4 /* AppDelegate.swift in Sources */,
			);
			runOnlyForDeploymentPostprocessing = 0;
		};
/* End PBXSourcesBuildPhase section */

/* Begin PBXVariantGroup section */
		983CDA042241FACF00CB19F4 /* Main.storyboard */ = {
			isa = PBXVariantGroup;
			children = (
				983CDA052241FACF00CB19F4 /* Base */,
			);
			name = Main.storyboard;
			sourceTree = "<group>";
		};
		983CDA092241FAD100CB19F4 /* LaunchScreen.storyboard */ = {
			isa = PBXVariantGroup;
			children = (
				983CDA0A2241FAD100CB19F4 /* Base */,
			);
			name = LaunchScreen.storyboard;
			sourceTree = "<group>";
		};
/* End PBXVariantGroup section */

/* Begin XCBuildConfiguration section */
		983CDA0D2241FAD100CB19F4 /* Debug */ = {
			isa = XCBuildConfiguration;
			buildSettings = {
				ALWAYS_SEARCH_USER_PATHS = NO;
				CLANG_ANALYZER_NONNULL = YES;
				CLANG_ANALYZER_NUMBER_OBJECT_CONVERSION = YES_AGGRESSIVE;
				CLANG_CXX_LANGUAGE_STANDARD = "gnu++14";
				CLANG_CXX_LIBRARY = "libc++";
				CLANG_ENABLE_MODULES = YES;
				CLANG_ENABLE_OBJC_ARC = YES;
				CLANG_ENABLE_OBJC_WEAK = YES;
				CLANG_WARN_BLOCK_CAPTURE_AUTORELEASING = YES;
				CLANG_WARN_BOOL_CONVERSION = YES;
				CLANG_WARN_COMMA = YES;
				CLANG_WARN_CONSTANT_CONVERSION = YES;
				CLANG_WARN_DEPRECATED_OBJC_IMPLEMENTATIONS = YES;
				CLANG_WARN_DIRECT_OBJC_ISA_USAGE = YES_ERROR;
				CLANG_WARN_DOCUMENTATION_COMMENTS = YES;
				CLANG_WARN_EMPTY_BODY = YES;
				CLANG_WARN_ENUM_CONVERSION = YES;
				CLANG_WARN_INFINITE_RECURSION = YES;
				CLANG_WARN_INT_CONVERSION = YES;
				CLANG_WARN_NON_LITERAL_NULL_CONVERSION = YES;
				CLANG_WARN_OBJC_IMPLICIT_RETAIN_SELF = YES;
				CLANG_WARN_OBJC_LITERAL_CONVERSION = YES;
				CLANG_WARN_OBJC_ROOT_CLASS = YES_ERROR;
				CLANG_WARN_RANGE_LOOP_ANALYSIS = YES;
				CLANG_WARN_STRICT_PROTOTYPES = YES;
				CLANG_WARN_SUSPICIOUS_MOVE = YES;
				CLANG_WARN_UNGUARDED_AVAILABILITY = YES_AGGRESSIVE;
				CLANG_WARN_UNREACHABLE_CODE = YES;
				CLANG_WARN__DUPLICATE_METHOD_MATCH = YES;
				CODE_SIGN_IDENTITY = "iPhone Developer";
				COPY_PHASE_STRIP = NO;
				DEBUG_INFORMATION_FORMAT = dwarf;
				ENABLE_STRICT_OBJC_MSGSEND = YES;
				ENABLE_TESTABILITY = YES;
				GCC_C_LANGUAGE_STANDARD = gnu11;
				GCC_DYNAMIC_NO_PIC = NO;
				GCC_NO_COMMON_BLOCKS = YES;
				GCC_OPTIMIZATION_LEVEL = 0;
				GCC_PREPROCESSOR_DEFINITIONS = (
					"DEBUG=1",
					"$(inherited)",
				);
				GCC_WARN_64_TO_32_BIT_CONVERSION = YES;
				GCC_WARN_ABOUT_RETURN_TYPE = YES_ERROR;
				GCC_WARN_UNDECLARED_SELECTOR = YES;
				GCC_WARN_UNINITIALIZED_AUTOS = YES_AGGRESSIVE;
				GCC_WARN_UNUSED_FUNCTION = YES;
				GCC_WARN_UNUSED_VARIABLE = YES;
				IPHONEOS_DEPLOYMENT_TARGET = 12.1;
				MTL_ENABLE_DEBUG_INFO = INCLUDE_SOURCE;
				MTL_FAST_MATH = YES;
				ONLY_ACTIVE_ARCH = YES;
				SDKROOT = iphoneos;
				SWIFT_ACTIVE_COMPILATION_CONDITIONS = DEBUG;
				SWIFT_OPTIMIZATION_LEVEL = "-Onone";
			};
			name = Debug;
		};
		983CDA0E2241FAD100CB19F4 /* Release */ = {
			isa = XCBuildConfiguration;
			buildSettings = {
				ALWAYS_SEARCH_USER_PATHS = NO;
				CLANG_ANALYZER_NONNULL = YES;
				CLANG_ANALYZER_NUMBER_OBJECT_CONVERSION = YES_AGGRESSIVE;
				CLANG_CXX_LANGUAGE_STANDARD = "gnu++14";
				CLANG_CXX_LIBRARY = "libc++";
				CLANG_ENABLE_MODULES = YES;
				CLANG_ENABLE_OBJC_ARC = YES;
				CLANG_ENABLE_OBJC_WEAK = YES;
				CLANG_WARN_BLOCK_CAPTURE_AUTORELEASING = YES;
				CLANG_WARN_BOOL_CONVERSION = YES;
				CLANG_WARN_COMMA = YES;
				CLANG_WARN_CONSTANT_CONVERSION = YES;
				CLANG_WARN_DEPRECATED_OBJC_IMPLEMENTATIONS = YES;
				CLANG_WARN_DIRECT_OBJC_ISA_USAGE = YES_ERROR;
				CLANG_WARN_DOCUMENTATION_COMMENTS = YES;
				CLANG_WARN_EMPTY_BODY = YES;
				CLANG_WARN_ENUM_CONVERSION = YES;
				CLANG_WARN_INFINITE_RECURSION = YES;
				CLANG_WARN_INT_CONVERSION = YES;
				CLANG_WARN_NON_LITERAL_NULL_CONVERSION = YES;
				CLANG_WARN_OBJC_IMPLICIT_RETAIN_SELF = YES;
				CLANG_WARN_OBJC_LITERAL_CONVERSION = YES;
				CLANG_WARN_OBJC_ROOT_CLASS = YES_ERROR;
				CLANG_WARN_RANGE_LOOP_ANALYSIS = YES;
				CLANG_WARN_STRICT_PROTOTYPES = YES;
				CLANG_WARN_SUSPICIOUS_MOVE = YES;
				CLANG_WARN_UNGUARDED_AVAILABILITY = YES_AGGRESSIVE;
				CLANG_WARN_UNREACHABLE_CODE = YES;
				CLANG_WARN__DUPLICATE_METHOD_MATCH = YES;
				CODE_SIGN_IDENTITY = "iPhone Developer";
				COPY_PHASE_STRIP = NO;
				DEBUG_INFORMATION_FORMAT = "dwarf-with-dsym";
				ENABLE_NS_ASSERTIONS = NO;
				ENABLE_STRICT_OBJC_MSGSEND = YES;
				GCC_C_LANGUAGE_STANDARD = gnu11;
				GCC_NO_COMMON_BLOCKS = YES;
				GCC_WARN_64_TO_32_BIT_CONVERSION = YES;
				GCC_WARN_ABOUT_RETURN_TYPE = YES_ERROR;
				GCC_WARN_UNDECLARED_SELECTOR = YES;
				GCC_WARN_UNINITIALIZED_AUTOS = YES_AGGRESSIVE;
				GCC_WARN_UNUSED_FUNCTION = YES;
				GCC_WARN_UNUSED_VARIABLE = YES;
				IPHONEOS_DEPLOYMENT_TARGET = 12.1;
				MTL_ENABLE_DEBUG_INFO = NO;
				MTL_FAST_MATH = YES;
				SDKROOT = iphoneos;
				SWIFT_COMPILATION_MODE = wholemodule;
				SWIFT_OPTIMIZATION_LEVEL = "-O";
				VALIDATE_PRODUCT = YES;
			};
			name = Release;
		};
		983CDA102241FAD100CB19F4 /* Debug */ = {
			isa = XCBuildConfiguration;
			buildSettings = {
				ASSETCATALOG_COMPILER_APPICON_NAME = AppIcon;
				CODE_SIGN_STYLE = Automatic;
				INFOPLIST_FILE = AppStoreExampleFinal/Info.plist;
				LD_RUNPATH_SEARCH_PATHS = (
					"$(inherited)",
					"@executable_path/Frameworks",
				);
				PRODUCT_BUNDLE_IDENTIFIER = com.davidBae.AppStoreExampleFinal;
				PRODUCT_NAME = "$(TARGET_NAME)";
				SWIFT_VERSION = 4.2;
				TARGETED_DEVICE_FAMILY = "1,2";
			};
			name = Debug;
		};
		983CDA112241FAD100CB19F4 /* Release */ = {
			isa = XCBuildConfiguration;
			buildSettings = {
				ASSETCATALOG_COMPILER_APPICON_NAME = AppIcon;
				CODE_SIGN_STYLE = Automatic;
				INFOPLIST_FILE = AppStoreExampleFinal/Info.plist;
				LD_RUNPATH_SEARCH_PATHS = (
					"$(inherited)",
					"@executable_path/Frameworks",
				);
				PRODUCT_BUNDLE_IDENTIFIER = com.davidBae.AppStoreExampleFinal;
				PRODUCT_NAME = "$(TARGET_NAME)";
				SWIFT_VERSION = 4.2;
				TARGETED_DEVICE_FAMILY = "1,2";
			};
			name = Release;
		};
/* End XCBuildConfiguration section */

/* Begin XCConfigurationList section */
		983CD9F82241FACF00CB19F4 /* Build configuration list for PBXProject "AppStoreExampleFinal" */ = {
			isa = XCConfigurationList;
			buildConfigurations = (
				983CDA0D2241FAD100CB19F4 /* Debug */,
				983CDA0E2241FAD100CB19F4 /* Release */,
			);
			defaultConfigurationIsVisible = 0;
			defaultConfigurationName = Release;
		};
		983CDA0F2241FAD100CB19F4 /* Build configuration list for PBXNativeTarget "AppStoreExampleFinal" */ = {
			isa = XCConfigurationList;
			buildConfigurations = (
				983CDA102241FAD100CB19F4 /* Debug */,
				983CDA112241FAD100CB19F4 /* Release */,
			);
			defaultConfigurationIsVisible = 0;
			defaultConfigurationName = Release;
		};
/* End XCConfigurationList section */
	};
	rootObject = 983CD9F52241FACF00CB19F4 /* Project object */;
}
